
Microsoft Visual Studio Solution File, Format Version 12.00
# Visual Studio 15
VisualStudioVersion = 15.0.28307.705
MinimumVisualStudioVersion = 10.0.40219.1
Project("{FAE04EC0-301F-11D3-BF4B-00C04F79EFBC}") = "Microondas", "Microondas\Microondas.csproj", "{E169E18E-42B1-42FB-81B6-4C51484A4A92}"
EndProject
Project("{FAE04EC0-301F-11D3-BF4B-00C04F79EFBC}") = "MicroondasDataProvider", "MicroondasDataProvider\MicroondasDataProvider.csproj", "{AF5845FB-AB26-4760-AEA7-67B1FB964E74}"
EndProject
Global
	GlobalSection(SolutionConfigurationPlatforms) = preSolution
		Debug|Any CPU = Debug|Any CPU
		Release|Any CPU = Release|Any CPU
	EndGlobalSection
	GlobalSection(ProjectConfigurationPlatforms) = postSolution
		{E169E18E-42B1-42FB-81B6-4C51484A4A92}.Debug|Any CPU.ActiveCfg = Debug|Any CPU
		{E169E18E-42B1-42FB-81B6-4C51484A4A92}.Debug|Any CPU.Build.0 = Debug|Any CPU
		{E169E18E-42B1-42FB-81B6-4C51484A4A92}.Release|Any CPU.ActiveCfg = Release|Any CPU
		{E169E18E-42B1-42FB-81B6-4C51484A4A92}.Release|Any CPU.Build.0 = Release|Any CPU
		{AF5845FB-AB26-4760-AEA7-67B1FB964E74}.Debug|Any CPU.ActiveCfg = Debug|Any CPU
		{AF5845FB-AB26-4760-AEA7-67B1FB964E74}.Debug|Any CPU.Build.0 = Debug|Any CPU
		{AF5845FB-AB26-4760-AEA7-67B1FB964E74}.Release|Any CPU.ActiveCfg = Release|Any CPU
		{AF5845FB-AB26-4760-AEA7-67B1FB964E74}.Release|Any CPU.Build.0 = Release|Any CPU
	EndGlobalSection
	GlobalSection(SolutionProperties) = preSolution
		HideSolutionNode = FALSE
	EndGlobalSection
	GlobalSection(ExtensibilityGlobals) = postSolution
		SolutionGuid = {17826011-F2B5-4CF8-AEF0-F644EE33EC38}
	EndGlobalSection
EndGlobal
